
Microsoft Visual Studio Solution File, Format Version 12.00
# Visual Studio Version 17
VisualStudioVersion = 17.8.34330.188
MinimumVisualStudioVersion = 10.0.40219.1
Project("{FAE04EC0-301F-11D3-BF4B-00C04F79EFBC}") = "GreeeenThumb", "GreeeenThumb.csproj", "{8760488C-3B94-42E5-AAC1-44E9C8F66DCA}"
EndProject
Global
	GlobalSection(SolutionConfigurationPlatforms) = preSolution
		Debug|Any CPU = Debug|Any CPU
		Release|Any CPU = Release|Any CPU
	EndGlobalSection
	GlobalSection(ProjectConfigurationPlatforms) = postSolution
		{8760488C-3B94-42E5-AAC1-44E9C8F66DCA}.Debug|Any CPU.ActiveCfg = Debug|Any CPU
		{8760488C-3B94-42E5-AAC1-44E9C8F66DCA}.Debug|Any CPU.Build.0 = Debug|Any CPU
		{8760488C-3B94-42E5-AAC1-44E9C8F66DCA}.Release|Any CPU.ActiveCfg = Release|Any CPU
		{8760488C-3B94-42E5-AAC1-44E9C8F66DCA}.Release|Any CPU.Build.0 = Release|Any CPU
	EndGlobalSection
	GlobalSection(SolutionProperties) = preSolution
		HideSolutionNode = FALSE
	EndGlobalSection
	GlobalSection(ExtensibilityGlobals) = postSolution
		SolutionGuid = {A41CB21D-893E-464C-8DAB-9B16164EF302}
	EndGlobalSection
EndGlobal
